
Microsoft Visual Studio Solution File, Format Version 12.00
Project("{FAE04EC0-301F-11D3-BF4B-00C04F79EFBC}") = "BeautySalon", "BeautySalon\BeautySalon.csproj", "{C42DE26B-C38A-4DDF-8A81-C17CA733045E}"
EndProject
Global
	GlobalSection(SolutionConfigurationPlatforms) = preSolution
		Debug|Any CPU = Debug|Any CPU
		Release|Any CPU = Release|Any CPU
	EndGlobalSection
	GlobalSection(ProjectConfigurationPlatforms) = postSolution
		{C42DE26B-C38A-4DDF-8A81-C17CA733045E}.Debug|Any CPU.ActiveCfg = Debug|Any CPU
		{C42DE26B-C38A-4DDF-8A81-C17CA733045E}.Debug|Any CPU.Build.0 = Debug|Any CPU
		{C42DE26B-C38A-4DDF-8A81-C17CA733045E}.Release|Any CPU.ActiveCfg = Release|Any CPU
		{C42DE26B-C38A-4DDF-8A81-C17CA733045E}.Release|Any CPU.Build.0 = Release|Any CPU
	EndGlobalSection
EndGlobal
